
Microsoft Visual Studio Solution File, Format Version 12.00
# Visual Studio 15
VisualStudioVersion = 15.0.28307.645
MinimumVisualStudioVersion = 10.0.40219.1
Project("{9A19103F-16F7-4668-BE54-9A1E7A4F7556}") = "ZebraFinder", "ZebraFinder\ZebraFinder.csproj", "{18DD64C4-47E3-44E0-ABCC-80DEA3823A6A}"
EndProject
Global
	GlobalSection(SolutionConfigurationPlatforms) = preSolution
		Debug|Any CPU = Debug|Any CPU
		Release|Any CPU = Release|Any CPU
	EndGlobalSection
	GlobalSection(ProjectConfigurationPlatforms) = postSolution
		{18DD64C4-47E3-44E0-ABCC-80DEA3823A6A}.Debug|Any CPU.ActiveCfg = Debug|Any CPU
		{18DD64C4-47E3-44E0-ABCC-80DEA3823A6A}.Debug|Any CPU.Build.0 = Debug|Any CPU
		{18DD64C4-47E3-44E0-ABCC-80DEA3823A6A}.Release|Any CPU.ActiveCfg = Release|Any CPU
		{18DD64C4-47E3-44E0-ABCC-80DEA3823A6A}.Release|Any CPU.Build.0 = Release|Any CPU
	EndGlobalSection
	GlobalSection(SolutionProperties) = preSolution
		HideSolutionNode = FALSE
	EndGlobalSection
	GlobalSection(ExtensibilityGlobals) = postSolution
		SolutionGuid = {98E78AF6-9190-43B9-A818-1651D283C114}
	EndGlobalSection
EndGlobal
